
Microsoft Visual Studio Solution File, Format Version 12.00
# Visual Studio Version 17
VisualStudioVersion = 17.4.33213.308
MinimumVisualStudioVersion = 10.0.40219.1
Project("{2150E333-8FDC-42A3-9474-1A3956D46DE8}") = "ApplicationCore", "ApplicationCore", "{492DCEE6-C7E7-4530-9BBC-4EA4FD869AA0}"
EndProject
Project("{2150E333-8FDC-42A3-9474-1A3956D46DE8}") = "Distributed Services", "Distributed Services", "{9D2CB7FA-7CCF-4FF0-B6A5-A5AECEB4FD57}"
EndProject
Project("{2150E333-8FDC-42A3-9474-1A3956D46DE8}") = "Infrastructure", "Infrastructure", "{3B9BBA9F-8094-4ACB-A458-7C6D889DB4A8}"
EndProject
Project("{2150E333-8FDC-42A3-9474-1A3956D46DE8}") = "UI", "UI", "{A95A02E7-6D96-4D0D-BF10-1115CE69DA6D}"
EndProject
Project("{9A19103F-16F7-4668-BE54-9A1E7A4F7556}") = "Project.PostHarvestManagement.Web", "Project.PostHarvestManagement.Web\Project.PostHarvestManagement.Web.csproj", "{3D5A328E-BD48-47AD-A3F5-515BC34EE41A}"
EndProject
Project("{2150E333-8FDC-42A3-9474-1A3956D46DE8}") = "Framework", "Framework", "{29B158CD-792F-4624-A25F-89E17FCEC689}"
EndProject
Project("{9A19103F-16F7-4668-BE54-9A1E7A4F7556}") = "Project.DataAccess.Dapper", "Project.DataAccess.Dapper\Project.DataAccess.Dapper.csproj", "{371F5A65-6DCA-4A9D-BA67-1F6F1E5C3F6D}"
EndProject
Project("{9A19103F-16F7-4668-BE54-9A1E7A4F7556}") = "Project.PostHarvestManagement.API", "Project.PostHarvestManagement.API\Project.PostHarvestManagement.API.csproj", "{1F6C9771-80FD-4E5C-894B-18F9581BA4F4}"
EndProject
Project("{9A19103F-16F7-4668-BE54-9A1E7A4F7556}") = "Project.PostHarvestManagement.Dapper", "Project.PostHarvestManagement.Dapper\Project.PostHarvestManagement.Dapper.csproj", "{DF9B3708-E152-4480-AE43-3B119AB84F27}"
EndProject
Project("{2150E333-8FDC-42A3-9474-1A3956D46DE8}") = "Framework", "Framework", "{EC01BF39-EDC6-444F-9B66-A60EB1237610}"
EndProject
Project("{9A19103F-16F7-4668-BE54-9A1E7A4F7556}") = "Project.Core", "Project.Core\Project.Core.csproj", "{DCD809C9-ED7A-4F7E-9F36-02B0D2E899F6}"
EndProject
Project("{9A19103F-16F7-4668-BE54-9A1E7A4F7556}") = "Project.Core.Data", "Project.Core.Data\Project.Core.Data.csproj", "{5ECD51FD-9CBB-445A-B9E3-0B02DC3659CF}"
EndProject
Project("{9A19103F-16F7-4668-BE54-9A1E7A4F7556}") = "Project.PostHarvestManagement.Core", "Project.PostHarvestManagement.Core\Project.PostHarvestManagement.Core.csproj", "{7DAA0509-AC4B-4BDB-B4D5-445547FAAA08}"
EndProject
Project("{9A19103F-16F7-4668-BE54-9A1E7A4F7556}") = "Project.PostHarvestManagement.Services", "Project.PostHarvestManagement.Services\Project.PostHarvestManagement.Services.csproj", "{B5235184-D1D4-40F0-8B2B-61F6D5277BC0}"
EndProject
Project("{00D1A9C2-B5F0-4AF3-8072-F6C62B433612}") = "Project.PostHarvestManagement.Database", "Project.PostHarvestManagement.Database\Project.PostHarvestManagement.Database.sqlproj", "{87D718C1-C27E-45BF-9F15-7E87BB7909F8}"
EndProject
Global
	GlobalSection(SolutionConfigurationPlatforms) = preSolution
		Debug|Any CPU = Debug|Any CPU
		Release|Any CPU = Release|Any CPU
	EndGlobalSection
	GlobalSection(ProjectConfigurationPlatforms) = postSolution
		{3D5A328E-BD48-47AD-A3F5-515BC34EE41A}.Debug|Any CPU.ActiveCfg = Debug|Any CPU
		{3D5A328E-BD48-47AD-A3F5-515BC34EE41A}.Debug|Any CPU.Build.0 = Debug|Any CPU
		{3D5A328E-BD48-47AD-A3F5-515BC34EE41A}.Release|Any CPU.ActiveCfg = Release|Any CPU
		{3D5A328E-BD48-47AD-A3F5-515BC34EE41A}.Release|Any CPU.Build.0 = Release|Any CPU
		{371F5A65-6DCA-4A9D-BA67-1F6F1E5C3F6D}.Debug|Any CPU.ActiveCfg = Debug|Any CPU
		{371F5A65-6DCA-4A9D-BA67-1F6F1E5C3F6D}.Debug|Any CPU.Build.0 = Debug|Any CPU
		{371F5A65-6DCA-4A9D-BA67-1F6F1E5C3F6D}.Release|Any CPU.ActiveCfg = Release|Any CPU
		{371F5A65-6DCA-4A9D-BA67-1F6F1E5C3F6D}.Release|Any CPU.Build.0 = Release|Any CPU
		{1F6C9771-80FD-4E5C-894B-18F9581BA4F4}.Debug|Any CPU.ActiveCfg = Debug|Any CPU
		{1F6C9771-80FD-4E5C-894B-18F9581BA4F4}.Debug|Any CPU.Build.0 = Debug|Any CPU
		{1F6C9771-80FD-4E5C-894B-18F9581BA4F4}.Release|Any CPU.ActiveCfg = Release|Any CPU
		{1F6C9771-80FD-4E5C-894B-18F9581BA4F4}.Release|Any CPU.Build.0 = Release|Any CPU
		{DF9B3708-E152-4480-AE43-3B119AB84F27}.Debug|Any CPU.ActiveCfg = Debug|Any CPU
		{DF9B3708-E152-4480-AE43-3B119AB84F27}.Debug|Any CPU.Build.0 = Debug|Any CPU
		{DF9B3708-E152-4480-AE43-3B119AB84F27}.Release|Any CPU.ActiveCfg = Release|Any CPU
		{DF9B3708-E152-4480-AE43-3B119AB84F27}.Release|Any CPU.Build.0 = Release|Any CPU
		{DCD809C9-ED7A-4F7E-9F36-02B0D2E899F6}.Debug|Any CPU.ActiveCfg = Debug|Any CPU
		{DCD809C9-ED7A-4F7E-9F36-02B0D2E899F6}.Debug|Any CPU.Build.0 = Debug|Any CPU
		{DCD809C9-ED7A-4F7E-9F36-02B0D2E899F6}.Release|Any CPU.ActiveCfg = Release|Any CPU
		{DCD809C9-ED7A-4F7E-9F36-02B0D2E899F6}.Release|Any CPU.Build.0 = Release|Any CPU
		{5ECD51FD-9CBB-445A-B9E3-0B02DC3659CF}.Debug|Any CPU.ActiveCfg = Debug|Any CPU
		{5ECD51FD-9CBB-445A-B9E3-0B02DC3659CF}.Debug|Any CPU.Build.0 = Debug|Any CPU
		{5ECD51FD-9CBB-445A-B9E3-0B02DC3659CF}.Release|Any CPU.ActiveCfg = Release|Any CPU
		{5ECD51FD-9CBB-445A-B9E3-0B02DC3659CF}.Release|Any CPU.Build.0 = Release|Any CPU
		{7DAA0509-AC4B-4BDB-B4D5-445547FAAA08}.Debug|Any CPU.ActiveCfg = Debug|Any CPU
		{7DAA0509-AC4B-4BDB-B4D5-445547FAAA08}.Debug|Any CPU.Build.0 = Debug|Any CPU
		{7DAA0509-AC4B-4BDB-B4D5-445547FAAA08}.Release|Any CPU.ActiveCfg = Release|Any CPU
		{7DAA0509-AC4B-4BDB-B4D5-445547FAAA08}.Release|Any CPU.Build.0 = Release|Any CPU
		{B5235184-D1D4-40F0-8B2B-61F6D5277BC0}.Debug|Any CPU.ActiveCfg = Debug|Any CPU
		{B5235184-D1D4-40F0-8B2B-61F6D5277BC0}.Debug|Any CPU.Build.0 = Debug|Any CPU
		{B5235184-D1D4-40F0-8B2B-61F6D5277BC0}.Release|Any CPU.ActiveCfg = Release|Any CPU
		{B5235184-D1D4-40F0-8B2B-61F6D5277BC0}.Release|Any CPU.Build.0 = Release|Any CPU
		{87D718C1-C27E-45BF-9F15-7E87BB7909F8}.Debug|Any CPU.ActiveCfg = Debug|Any CPU
		{87D718C1-C27E-45BF-9F15-7E87BB7909F8}.Debug|Any CPU.Build.0 = Debug|Any CPU
		{87D718C1-C27E-45BF-9F15-7E87BB7909F8}.Debug|Any CPU.Deploy.0 = Debug|Any CPU
		{87D718C1-C27E-45BF-9F15-7E87BB7909F8}.Release|Any CPU.ActiveCfg = Release|Any CPU
		{87D718C1-C27E-45BF-9F15-7E87BB7909F8}.Release|Any CPU.Build.0 = Release|Any CPU
		{87D718C1-C27E-45BF-9F15-7E87BB7909F8}.Release|Any CPU.Deploy.0 = Release|Any CPU
	EndGlobalSection
	GlobalSection(SolutionProperties) = preSolution
		HideSolutionNode = FALSE
	EndGlobalSection
	GlobalSection(NestedProjects) = preSolution
		{3D5A328E-BD48-47AD-A3F5-515BC34EE41A} = {A95A02E7-6D96-4D0D-BF10-1115CE69DA6D}
		{29B158CD-792F-4624-A25F-89E17FCEC689} = {3B9BBA9F-8094-4ACB-A458-7C6D889DB4A8}
		{371F5A65-6DCA-4A9D-BA67-1F6F1E5C3F6D} = {29B158CD-792F-4624-A25F-89E17FCEC689}
		{1F6C9771-80FD-4E5C-894B-18F9581BA4F4} = {9D2CB7FA-7CCF-4FF0-B6A5-A5AECEB4FD57}
		{DF9B3708-E152-4480-AE43-3B119AB84F27} = {3B9BBA9F-8094-4ACB-A458-7C6D889DB4A8}
		{EC01BF39-EDC6-444F-9B66-A60EB1237610} = {492DCEE6-C7E7-4530-9BBC-4EA4FD869AA0}
		{DCD809C9-ED7A-4F7E-9F36-02B0D2E899F6} = {EC01BF39-EDC6-444F-9B66-A60EB1237610}
		{5ECD51FD-9CBB-445A-B9E3-0B02DC3659CF} = {EC01BF39-EDC6-444F-9B66-A60EB1237610}
		{7DAA0509-AC4B-4BDB-B4D5-445547FAAA08} = {492DCEE6-C7E7-4530-9BBC-4EA4FD869AA0}
		{B5235184-D1D4-40F0-8B2B-61F6D5277BC0} = {3B9BBA9F-8094-4ACB-A458-7C6D889DB4A8}
		{87D718C1-C27E-45BF-9F15-7E87BB7909F8} = {3B9BBA9F-8094-4ACB-A458-7C6D889DB4A8}
	EndGlobalSection
	GlobalSection(ExtensibilityGlobals) = postSolution
		SolutionGuid = {F2DFFBE0-3292-483B-8244-E398D79417EE}
	EndGlobalSection
EndGlobal
